
Microsoft Visual Studio Solution File, Format Version 12.00
# Visual Studio Version 17
VisualStudioVersion = 17.0.32014.148
MinimumVisualStudioVersion = 10.0.40219.1
Project("{FAE04EC0-301F-11D3-BF4B-00C04F79EFBC}") = "WebApplication3", "WebApplication3\WebApplication3.csproj", "{DACB5126-7B71-4189-8192-A49A33486EDB}"
EndProject
Global
	GlobalSection(SolutionConfigurationPlatforms) = preSolution
		Debug|Any CPU = Debug|Any CPU
		Release|Any CPU = Release|Any CPU
	EndGlobalSection
	GlobalSection(ProjectConfigurationPlatforms) = postSolution
		{DACB5126-7B71-4189-8192-A49A33486EDB}.Debug|Any CPU.ActiveCfg = Debug|Any CPU
		{DACB5126-7B71-4189-8192-A49A33486EDB}.Debug|Any CPU.Build.0 = Debug|Any CPU
		{DACB5126-7B71-4189-8192-A49A33486EDB}.Release|Any CPU.ActiveCfg = Release|Any CPU
		{DACB5126-7B71-4189-8192-A49A33486EDB}.Release|Any CPU.Build.0 = Release|Any CPU
	EndGlobalSection
	GlobalSection(SolutionProperties) = preSolution
		HideSolutionNode = FALSE
	EndGlobalSection
	GlobalSection(ExtensibilityGlobals) = postSolution
		SolutionGuid = {076762CB-1DD6-4271-BBB8-0150811681BE}
	EndGlobalSection
EndGlobal
